
Microsoft Visual Studio Solution File, Format Version 12.00
# Visual Studio Version 17
VisualStudioVersion = 17.5.33424.131
MinimumVisualStudioVersion = 10.0.40219.1
Project("{FAE04EC0-301F-11D3-BF4B-00C04F79EFBC}") = "CurrencyConverter", "CurrencyConverter\CurrencyConverter.csproj", "{A473C619-F22C-442F-B288-CB804BA18669}"
EndProject
Global
	GlobalSection(SolutionConfigurationPlatforms) = preSolution
		Debug|Any CPU = Debug|Any CPU
		Release|Any CPU = Release|Any CPU
	EndGlobalSection
	GlobalSection(ProjectConfigurationPlatforms) = postSolution
		{A473C619-F22C-442F-B288-CB804BA18669}.Debug|Any CPU.ActiveCfg = Debug|Any CPU
		{A473C619-F22C-442F-B288-CB804BA18669}.Debug|Any CPU.Build.0 = Debug|Any CPU
		{A473C619-F22C-442F-B288-CB804BA18669}.Release|Any CPU.ActiveCfg = Release|Any CPU
		{A473C619-F22C-442F-B288-CB804BA18669}.Release|Any CPU.Build.0 = Release|Any CPU
	EndGlobalSection
	GlobalSection(SolutionProperties) = preSolution
		HideSolutionNode = FALSE
	EndGlobalSection
	GlobalSection(ExtensibilityGlobals) = postSolution
		SolutionGuid = {39E05519-0AE6-4912-A044-FBE327EEBC11}
	EndGlobalSection
EndGlobal
